Microsoft Visual Studio Solution File, Format Version 12.00
# Visual Studio Version 17
VisualStudioVersion = 17.5.2.0
MinimumVisualStudioVersion = 10.0.40219.1
Project("{FAE04EC0-301F-11D3-BF4B-00C04F79EFBC}") = "dotnet10-gcp-cloudrun", "dotnet10-gcp-cloudrun.csproj", "{4D94AEBD-A6EB-97C7-3694-3849726ECAFA}"
EndProject
Global
	GlobalSection(SolutionConfigurationPlatforms) = preSolution
		Debug|Any CPU = Debug|Any CPU
		Release|Any CPU = Release|Any CPU
	EndGlobalSection
	GlobalSection(ProjectConfigurationPlatforms) = postSolution
		{4D94AEBD-A6EB-97C7-3694-3849726ECAFA}.Debug|Any CPU.ActiveCfg = Debug|Any CPU
		{4D94AEBD-A6EB-97C7-3694-3849726ECAFA}.Debug|Any CPU.Build.0 = Debug|Any CPU
		{4D94AEBD-A6EB-97C7-3694-3849726ECAFA}.Release|Any CPU.ActiveCfg = Release|Any CPU
		{4D94AEBD-A6EB-97C7-3694-3849726ECAFA}.Release|Any CPU.Build.0 = Release|Any CPU
	EndGlobalSection
	GlobalSection(SolutionProperties) = preSolution
		HideSolutionNode = FALSE
	EndGlobalSection
	GlobalSection(ExtensibilityGlobals) = postSolution
		SolutionGuid = {C459DE10-BAC8-4181-B8A8-B397EE58436A}
	EndGlobalSection
EndGlobal
